
Microsoft Visual Studio Solution File, Format Version 12.00
# Visual Studio Version 17
VisualStudioVersion = 17.5.33424.131
MinimumVisualStudioVersion = 10.0.40219.1
Project("{9A19103F-16F7-4668-BE54-9A1E7A4F7556}") = "ASMC6P.Server", "ASMC6P\Servers\Server\ASMC6P.Server.csproj", "{220775F8-ECD3-488F-AE89-68975EE589EB}"
EndProject
Project("{9A19103F-16F7-4668-BE54-9A1E7A4F7556}") = "ASMC6P.Client", "ASMC6P\Clients\Client\ASMC6P.Client.csproj", "{C175AEA0-D2EB-4CAB-95B2-599F4FBC4283}"
EndProject
Project("{9A19103F-16F7-4668-BE54-9A1E7A4F7556}") = "ASMC6P.Shared", "ASMC6P\Shared\ASMC6P.Shared.csproj", "{3C24536F-D0CD-4D66-B1CF-878D6DE6255C}"
EndProject
Global
	GlobalSection(SolutionConfigurationPlatforms) = preSolution
		Debug|Any CPU = Debug|Any CPU
		Release|Any CPU = Release|Any CPU
	EndGlobalSection
	GlobalSection(ProjectConfigurationPlatforms) = postSolution
		{220775F8-ECD3-488F-AE89-68975EE589EB}.Debug|Any CPU.ActiveCfg = Debug|Any CPU
		{220775F8-ECD3-488F-AE89-68975EE589EB}.Debug|Any CPU.Build.0 = Debug|Any CPU
		{220775F8-ECD3-488F-AE89-68975EE589EB}.Release|Any CPU.ActiveCfg = Release|Any CPU
		{220775F8-ECD3-488F-AE89-68975EE589EB}.Release|Any CPU.Build.0 = Release|Any CPU
		{C175AEA0-D2EB-4CAB-95B2-599F4FBC4283}.Debug|Any CPU.ActiveCfg = Debug|Any CPU
		{C175AEA0-D2EB-4CAB-95B2-599F4FBC4283}.Debug|Any CPU.Build.0 = Debug|Any CPU
		{C175AEA0-D2EB-4CAB-95B2-599F4FBC4283}.Release|Any CPU.ActiveCfg = Release|Any CPU
		{C175AEA0-D2EB-4CAB-95B2-599F4FBC4283}.Release|Any CPU.Build.0 = Release|Any CPU
		{3C24536F-D0CD-4D66-B1CF-878D6DE6255C}.Debug|Any CPU.ActiveCfg = Debug|Any CPU
		{3C24536F-D0CD-4D66-B1CF-878D6DE6255C}.Debug|Any CPU.Build.0 = Debug|Any CPU
		{3C24536F-D0CD-4D66-B1CF-878D6DE6255C}.Release|Any CPU.ActiveCfg = Release|Any CPU
		{3C24536F-D0CD-4D66-B1CF-878D6DE6255C}.Release|Any CPU.Build.0 = Release|Any CPU
	EndGlobalSection
	GlobalSection(SolutionProperties) = preSolution
		HideSolutionNode = FALSE
	EndGlobalSection
	GlobalSection(ExtensibilityGlobals) = postSolution
		SolutionGuid = {013A0FB4-6149-42D2-8D7D-E2992E7BEE80}
	EndGlobalSection
EndGlobal
